
Microsoft Visual Studio Solution File, Format Version 12.00
# Visual Studio 15
VisualStudioVersion = 15.0.27703.2000
MinimumVisualStudioVersion = 10.0.40219.1
Project("{FAE04EC0-301F-11D3-BF4B-00C04F79EFBC}") = "InputSim", "InputSim\InputSim.csproj", "{CA676A8D-0C07-47BA-956C-2C94A578A1CF}"
EndProject
Global
	GlobalSection(SolutionConfigurationPlatforms) = preSolution
		Debug|Any CPU = Debug|Any CPU
		Release|Any CPU = Release|Any CPU
	EndGlobalSection
	GlobalSection(ProjectConfigurationPlatforms) = postSolution
		{CA676A8D-0C07-47BA-956C-2C94A578A1CF}.Debug|Any CPU.ActiveCfg = Debug|Any CPU
		{CA676A8D-0C07-47BA-956C-2C94A578A1CF}.Debug|Any CPU.Build.0 = Debug|Any CPU
		{CA676A8D-0C07-47BA-956C-2C94A578A1CF}.Release|Any CPU.ActiveCfg = Release|Any CPU
		{CA676A8D-0C07-47BA-956C-2C94A578A1CF}.Release|Any CPU.Build.0 = Release|Any CPU
	EndGlobalSection
	GlobalSection(SolutionProperties) = preSolution
		HideSolutionNode = FALSE
	EndGlobalSection
	GlobalSection(ExtensibilityGlobals) = postSolution
		SolutionGuid = {EAF9ED15-5D50-4B25-B0DA-788908CBDD06}
	EndGlobalSection
EndGlobal
